// !$*UTF8*$!
{
	archiveVersion = 1;
	classes = {
	};
	objectVersion = 46;
	objects = {

/* Begin PBXBuildFile section */
		99D43FA7C25FA0A8F840BD8C /* Pods_chessTest2.framework in Frameworks */ = {isa = PBXBuildFile; fileRef = 3012F62F17206AF66BC52BA2 /* Pods_chessTest2.framework */; };
		B72615321D526A0C00BF4139 /* TwitterNewsCollectionViewController.swift in Sources */ = {isa = PBXBuildFile; fileRef = B72615311D526A0C00BF4139 /* TwitterNewsCollectionViewController.swift */; };
		B72615341D530AEB00BF4139 /* FirstTableViewController.swift in Sources */ = {isa = PBXBuildFile; fileRef = B72615331D530AEB00BF4139 /* FirstTableViewController.swift */; };
		B72615361D530DEA00BF4139 /* Functionality.swift in Sources */ = {isa = PBXBuildFile; fileRef = B72615351D530DEA00BF4139 /* Functionality.swift */; };
		B726155D1D531C8C00BF4139 /* Dictionary+Swifter.swift in Sources */ = {isa = PBXBuildFile; fileRef = B726153D1D531C8C00BF4139 /* Dictionary+Swifter.swift */; };
		B726155E1D531C8C00BF4139 /* Info.plist in Resources */ = {isa = PBXBuildFile; fileRef = B726153E1D531C8C00BF4139 /* Info.plist */; };
		B726155F1D531C8C00BF4139 /* JSON.swift in Sources */ = {isa = PBXBuildFile; fileRef = B726153F1D531C8C00BF4139 /* JSON.swift */; };
		B72615601D531C8C00BF4139 /* Launch Screen.storyboard in Resources */ = {isa = PBXBuildFile; fileRef = B72615401D531C8C00BF4139 /* Launch Screen.storyboard */; };
		B72615611D531C8C00BF4139 /* NSURL+Swifter.swift in Sources */ = {isa = PBXBuildFile; fileRef = B72615411D531C8C00BF4139 /* NSURL+Swifter.swift */; };
		B72615621D531C8C00BF4139 /* Operator+Swifter.swift in Sources */ = {isa = PBXBuildFile; fileRef = B72615421D531C8C00BF4139 /* Operator+Swifter.swift */; };
		B72615631D531C8C00BF4139 /* String+Swifter.swift in Sources */ = {isa = PBXBuildFile; fileRef = B72615431D531C8C00BF4139 /* String+Swifter.swift */; };
		B72615641D531C8C00BF4139 /* Swifter.swift in Sources */ = {isa = PBXBuildFile; fileRef = B72615461D531C8C00BF4139 /* Swifter.swift */; };
		B72615651D531C8C00BF4139 /* SwifterAccountsClient.swift in Sources */ = {isa = PBXBuildFile; fileRef = B72615471D531C8C00BF4139 /* SwifterAccountsClient.swift */; };
		B72615661D531C8C00BF4139 /* SwifterAppOnlyClient.swift in Sources */ = {isa = PBXBuildFile; fileRef = B72615481D531C8C00BF4139 /* SwifterAppOnlyClient.swift */; };
		B72615671D531C8C00BF4139 /* SwifterAuth.swift in Sources */ = {isa = PBXBuildFile; fileRef = B72615491D531C8C00BF4139 /* SwifterAuth.swift */; };
		B72615681D531C8C00BF4139 /* SwifterClientProtocol.swift in Sources */ = {isa = PBXBuildFile; fileRef = B726154A1D531C8C00BF4139 /* SwifterClientProtocol.swift */; };
		B72615691D531C8C00BF4139 /* SwifterCredential.swift in Sources */ = {isa = PBXBuildFile; fileRef = B726154B1D531C8C00BF4139 /* SwifterCredential.swift */; };
		B726156A1D531C8C00BF4139 /* SwifterFavorites.swift in Sources */ = {isa = PBXBuildFile; fileRef = B726154C1D531C8C00BF4139 /* SwifterFavorites.swift */; };
		B726156B1D531C8C00BF4139 /* SwifterFollowers.swift in Sources */ = {isa = PBXBuildFile; fileRef = B726154D1D531C8C00BF4139 /* SwifterFollowers.swift */; };
		B726156C1D531C8C00BF4139 /* SwifterHelp.swift in Sources */ = {isa = PBXBuildFile; fileRef = B726154E1D531C8C00BF4139 /* SwifterHelp.swift */; };
		B726156D1D531C8C00BF4139 /* SwifterHTTPRequest.swift in Sources */ = {isa = PBXBuildFile; fileRef = B726154F1D531C8C00BF4139 /* SwifterHTTPRequest.swift */; };
		B726156E1D531C8C00BF4139 /* SwifterLists.swift in Sources */ = {isa = PBXBuildFile; fileRef = B72615501D531C8C00BF4139 /* SwifterLists.swift */; };
		B726156F1D531C8C00BF4139 /* SwifterMessages.swift in Sources */ = {isa = PBXBuildFile; fileRef = B72615511D531C8C00BF4139 /* SwifterMessages.swift */; };
		B72615701D531C8C00BF4139 /* SwifterOAuthClient.swift in Sources */ = {isa = PBXBuildFile; fileRef = B72615521D531C8C00BF4139 /* SwifterOAuthClient.swift */; };
		B72615711D531C8C00BF4139 /* SwifterPlaces.swift in Sources */ = {isa = PBXBuildFile; fileRef = B72615531D531C8C00BF4139 /* SwifterPlaces.swift */; };
		B72615721D531C8C00BF4139 /* SwifterSavedSearches.swift in Sources */ = {isa = PBXBuildFile; fileRef = B72615541D531C8C00BF4139 /* SwifterSavedSearches.swift */; };
		B72615731D531C8C00BF4139 /* SwifterSearch.swift in Sources */ = {isa = PBXBuildFile; fileRef = B72615551D531C8C00BF4139 /* SwifterSearch.swift */; };
		B72615741D531C8C00BF4139 /* SwifterSpam.swift in Sources */ = {isa = PBXBuildFile; fileRef = B72615561D531C8C00BF4139 /* SwifterSpam.swift */; };
		B72615751D531C8C00BF4139 /* SwifterStreaming.swift in Sources */ = {isa = PBXBuildFile; fileRef = B72615571D531C8C00BF4139 /* SwifterStreaming.swift */; };
		B72615761D531C8C00BF4139 /* SwifterSuggested.swift in Sources */ = {isa = PBXBuildFile; fileRef = B72615581D531C8C00BF4139 /* SwifterSuggested.swift */; };
		B72615771D531C8C00BF4139 /* SwifterTimelines.swift in Sources */ = {isa = PBXBuildFile; fileRef = B72615591D531C8C00BF4139 /* SwifterTimelines.swift */; };
		B72615781D531C8C00BF4139 /* SwifterTrends.swift in Sources */ = {isa = PBXBuildFile; fileRef = B726155A1D531C8C00BF4139 /* SwifterTrends.swift */; };
		B72615791D531C8C00BF4139 /* SwifterTweets.swift in Sources */ = {isa = PBXBuildFile; fileRef = B726155B1D531C8C00BF4139 /* SwifterTweets.swift */; };
		B726157A1D531C8C00BF4139 /* SwifterUsers.swift in Sources */ = {isa = PBXBuildFile; fileRef = B726155C1D531C8C00BF4139 /* SwifterUsers.swift */; };
		B726157C1D531D0100BF4139 /* chessTest2_bridging-Header.m in Sources */ = {isa = PBXBuildFile; fileRef = B726157B1D531D0100BF4139 /* chessTest2_bridging-Header.m */; };
		B72615801D531F9200BF4139 /* First1TableViewController.swift in Sources */ = {isa = PBXBuildFile; fileRef = B726157F1D531F9200BF4139 /* First1TableViewController.swift */; };
		B72FD8641D4370D500291F7D /* TableTask.swift in Sources */ = {isa = PBXBuildFile; fileRef = B72FD8631D4370D500291F7D /* TableTask.swift */; };
		B72FD8661D4372F600291F7D /* Problem.swift in Sources */ = {isa = PBXBuildFile; fileRef = B72FD8651D4372F600291F7D /* Problem.swift */; };
		B72FD86A1D43752300291F7D /* ProblemViewController.swift in Sources */ = {isa = PBXBuildFile; fileRef = B72FD8691D43752300291F7D /* ProblemViewController.swift */; };
		B72FD86C1D43882C00291F7D /* Problems.swift in Sources */ = {isa = PBXBuildFile; fileRef = B72FD86B1D43882C00291F7D /* Problems.swift */; };
		B732C2431D5333F900EBE15A /* LessonsMenuTableViewController.swift in Sources */ = {isa = PBXBuildFile; fileRef = B732C2421D5333F900EBE15A /* LessonsMenuTableViewController.swift */; };
		B732C2451D536A9A00EBE15A /* OragneView.swift in Sources */ = {isa = PBXBuildFile; fileRef = B732C2441D536A9A00EBE15A /* OragneView.swift */; };
		B732C2471D536AA900EBE15A /* GreenView.swift in Sources */ = {isa = PBXBuildFile; fileRef = B732C2461D536AA900EBE15A /* GreenView.swift */; };
		B73DE5F11D424AFF00A1CD0A /* Bishop.swift in Sources */ = {isa = PBXBuildFile; fileRef = B73DE5E81D424AFF00A1CD0A /* Bishop.swift */; };
		B73DE5F21D424AFF00A1CD0A /* King.swift in Sources */ = {isa = PBXBuildFile; fileRef = B73DE5E91D424AFF00A1CD0A /* King.swift */; };
		B73DE5F31D424AFF00A1CD0A /* Knight.swift in Sources */ = {isa = PBXBuildFile; fileRef = B73DE5EA1D424AFF00A1CD0A /* Knight.swift */; };
		B73DE5F41D424AFF00A1CD0A /* Move.swift in Sources */ = {isa = PBXBuildFile; fileRef = B73DE5EB1D424AFF00A1CD0A /* Move.swift */; };
		B73DE5F51D424AFF00A1CD0A /* Piece.swift in Sources */ = {isa = PBXBuildFile; fileRef = B73DE5EC1D424AFF00A1CD0A /* Piece.swift */; };
		B73DE5F61D424AFF00A1CD0A /* Pieces.swift in Sources */ = {isa = PBXBuildFile; fileRef = B73DE5ED1D424AFF00A1CD0A /* Pieces.swift */; };
		B73DE5F71D424AFF00A1CD0A /* Pone.swift in Sources */ = {isa = PBXBuildFile; fileRef = B73DE5EE1D424AFF00A1CD0A /* Pone.swift */; };
		B73DE5F81D424AFF00A1CD0A /* Queen.swift in Sources */ = {isa = PBXBuildFile; fileRef = B73DE5EF1D424AFF00A1CD0A /* Queen.swift */; };
		B73DE5F91D424AFF00A1CD0A /* Rock.swift in Sources */ = {isa = PBXBuildFile; fileRef = B73DE5F01D424AFF00A1CD0A /* Rock.swift */; };
		B7A9635C1D38AA9700561A50 /* WeightLessonViewController.swift in Sources */ = {isa = PBXBuildFile; fileRef = B7A9635B1D38AA9700561A50 /* WeightLessonViewController.swift */; };
		B7A9635E1D38BF9A00561A50 /* PiecesWeightViewController.swift in Sources */ = {isa = PBXBuildFile; fileRef = B7A9635D1D38BF9A00561A50 /* PiecesWeightViewController.swift */; };
		B7A963601D38C05900561A50 /* WeightViewController.swift in Sources */ = {isa = PBXBuildFile; fileRef = B7A9635F1D38C05900561A50 /* WeightViewController.swift */; };
		B7A963621D38C14700561A50 /* MyView2.swift in Sources */ = {isa = PBXBuildFile; fileRef = B7A963611D38C14700561A50 /* MyView2.swift */; };
		B7A963641D38FBC800561A50 /* CustomPoneView.swift in Sources */ = {isa = PBXBuildFile; fileRef = B7A963631D38FBC800561A50 /* CustomPoneView.swift */; };
		B7A963681D3CDC8A00561A50 /* Assets.xcassets in Resources */ = {isa = PBXBuildFile; fileRef = B7A963671D3CDC8A00561A50 /* Assets.xcassets */; };
		B7F8DF121D565AFC0044A180 /* Cell.swift in Sources */ = {isa = PBXBuildFile; fileRef = B7F8DF111D565AFC0044A180 /* Cell.swift */; };
		B7F95DD61D3816C6002D16CB /* SideNavigationViewController.swift in Sources */ = {isa = PBXBuildFile; fileRef = B7F95DD51D3816C6002D16CB /* SideNavigationViewController.swift */; };
		B7F95DD81D381DE7002D16CB /* MenuTableViewController.swift in Sources */ = {isa = PBXBuildFile; fileRef = B7F95DD71D381DE7002D16CB /* MenuTableViewController.swift */; };
		B7F95DDA1D3825D7002D16CB /* TempViewController.swift in Sources */ = {isa = PBXBuildFile; fileRef = B7F95DD91D3825D7002D16CB /* TempViewController.swift */; };
		B7F95DDC1D383197002D16CB /* MyTableViewCell.swift in Sources */ = {isa = PBXBuildFile; fileRef = B7F95DDB1D383197002D16CB /* MyTableViewCell.swift */; };
		B7FDF7481D50ADA900FE418F /* TwitterKit.framework in Frameworks */ = {isa = PBXBuildFile; fileRef = B7FDF7451D50ADA900FE418F /* TwitterKit.framework */; };
		B7FDF7491D50ADA900FE418F /* TwitterKitResources.bundle in Resources */ = {isa = PBXBuildFile; fileRef = B7FDF7461D50ADA900FE418F /* TwitterKitResources.bundle */; };
		B7FDF74A1D50ADA900FE418F /* TwitterCore.framework in Frameworks */ = {isa = PBXBuildFile; fileRef = B7FDF7471D50ADA900FE418F /* TwitterCore.framework */; };
		B7FDF74C1D50B1DD00FE418F /* TwitterViewController.swift in Sources */ = {isa = PBXBuildFile; fileRef = B7FDF74B1D50B1DD00FE418F /* TwitterViewController.swift */; };
		B7FFB6031D339FAD003C148B /* AppDelegate.swift in Sources */ = {isa = PBXBuildFile; fileRef = B7FFB6021D339FAD003C148B /* AppDelegate.swift */; };
		B7FFB6051D339FAD003C148B /* ViewController.swift in Sources */ = {isa = PBXBuildFile; fileRef = B7FFB6041D339FAD003C148B /* ViewController.swift */; };
		B7FFB6081D339FAD003C148B /* Main.storyboard in Resources */ = {isa = PBXBuildFile; fileRef = B7FFB6061D339FAD003C148B /* Main.storyboard */; };
		B7FFB60B1D339FAD003C148B /* chessTest2.xcdatamodeld in Sources */ = {isa = PBXBuildFile; fileRef = B7FFB6091D339FAD003C148B /* chessTest2.xcdatamodeld */; };
		B7FFB6101D339FAD003C148B /* LaunchScreen.storyboard in Resources */ = {isa = PBXBuildFile; fileRef = B7FFB60E1D339FAD003C148B /* LaunchScreen.storyboard */; };
		B7FFB6391D34BAB0003C148B /* RegisterViewController.swift in Sources */ = {isa = PBXBuildFile; fileRef = B7FFB6381D34BAB0003C148B /* RegisterViewController.swift */; };
		B7FFB63B1D350110003C148B /* LessonsViewController.swift in Sources */ = {isa = PBXBuildFile; fileRef = B7FFB63A1D35010F003C148B /* LessonsViewController.swift */; };
		B7FFB63D1D35028F003C148B /* LoginViewController.swift in Sources */ = {isa = PBXBuildFile; fileRef = B7FFB63C1D35028F003C148B /* LoginViewController.swift */; };
		B7FFB63F1D3572FB003C148B /* LessonViewController.swift in Sources */ = {isa = PBXBuildFile; fileRef = B7FFB63E1D3572FB003C148B /* LessonViewController.swift */; };
		B7FFB6411D357A4F003C148B /* ContentViewController.swift in Sources */ = {isa = PBXBuildFile; fileRef = B7FFB6401D357A4F003C148B /* ContentViewController.swift */; };
		B7FFB6431D358B3E003C148B /* Board.swift in Sources */ = {isa = PBXBuildFile; fileRef = B7FFB6421D358B3E003C148B /* Board.swift */; };
		B7FFB65F1D359603003C148B /* Lesson.swift in Sources */ = {isa = PBXBuildFile; fileRef = B7FFB65E1D359603003C148B /* Lesson.swift */; };
		B7FFB6621D360870003C148B /* MyView1.swift in Sources */ = {isa = PBXBuildFile; fileRef = B7FFB6611D360870003C148B /* MyView1.swift */; };
/* End PBXBuildFile section */

/* Begin PBXFileReference section */
		3012F62F17206AF66BC52BA2 /* Pods_chessTest2.framework */ = {isa = PBXFileReference; explicitFileType = wrapper.framework; includeInIndex = 0; path = Pods_chessTest2.framework; sourceTree = BUILT_PRODUCTS_DIR; };
		748AE6D82A5F057D2BA3E2E1 /* Pods-chessTest2.debug.xcconfig */ = {isa = PBXFileReference; includeInIndex = 1; lastKnownFileType = text.xcconfig; name = "Pods-chessTest2.debug.xcconfig"; path = "Pods/Target Support Files/Pods-chessTest2/Pods-chessTest2.debug.xcconfig"; sourceTree = "<group>"; };
		A510AFE872A88F77F864A3A0 /* Pods-chessTest2.release.xcconfig */ = {isa = PBXFileReference; includeInIndex = 1; lastKnownFileType = text.xcconfig; name = "Pods-chessTest2.release.xcconfig"; path = "Pods/Target Support Files/Pods-chessTest2/Pods-chessTest2.release.xcconfig"; sourceTree = "<group>"; };
		B72615311D526A0C00BF4139 /* TwitterNewsCollectionViewController.swift */ = {isa = PBXFileReference; fileEncoding = 4; lastKnownFileType = sourcecode.swift; path = TwitterNewsCollectionViewController.swift; sourceTree = "<group>"; };
		B72615331D530AEB00BF4139 /* FirstTableViewController.swift */ = {isa = PBXFileReference; fileEncoding = 4; lastKnownFileType = sourcecode.swift; path = FirstTableViewController.swift; sourceTree = "<group>"; };
		B72615351D530DEA00BF4139 /* Functionality.swift */ = {isa = PBXFileReference; fileEncoding = 4; lastKnownFileType = sourcecode.swift; path = Functionality.swift; sourceTree = "<group>"; };
		B726153D1D531C8C00BF4139 /* Dictionary+Swifter.swift */ = {isa = PBXFileReference; fileEncoding = 4; lastKnownFileType = sourcecode.swift; path = "Dictionary+Swifter.swift"; sourceTree = "<group>"; };
		B726153E1D531C8C00BF4139 /* Info.plist */ = {isa = PBXFileReference; fileEncoding = 4; lastKnownFileType = text.plist.xml; path = Info.plist; sourceTree = "<group>"; };
		B726153F1D531C8C00BF4139 /* JSON.swift */ = {isa = PBXFileReference; fileEncoding = 4; lastKnownFileType = sourcecode.swift; path = JSON.swift; sourceTree = "<group>"; };
		B72615401D531C8C00BF4139 /* Launch Screen.storyboard */ = {isa = PBXFileReference; fileEncoding = 4; lastKnownFileType = file.storyboard; path = "Launch Screen.storyboard"; sourceTree = "<group>"; };
		B72615411D531C8C00BF4139 /* NSURL+Swifter.swift */ = {isa = PBXFileReference; fileEncoding = 4; lastKnownFileType = sourcecode.swift; path = "NSURL+Swifter.swift"; sourceTree = "<group>"; };
		B72615421D531C8C00BF4139 /* Operator+Swifter.swift */ = {isa = PBXFileReference; fileEncoding = 4; lastKnownFileType = sourcecode.swift; path = "Operator+Swifter.swift"; sourceTree = "<group>"; };
		B72615431D531C8C00BF4139 /* String+Swifter.swift */ = {isa = PBXFileReference; fileEncoding = 4; lastKnownFileType = sourcecode.swift; path = "String+Swifter.swift"; sourceTree = "<group>"; };
		B72615441D531C8C00BF4139 /* Swifter-Bridging-Header.h */ = {isa = PBXFileReference; fileEncoding = 4; lastKnownFileType = sourcecode.c.h; path = "Swifter-Bridging-Header.h"; sourceTree = "<group>"; };
		B72615451D531C8C00BF4139 /* Swifter.h */ = {isa = PBXFileReference; fileEncoding = 4; lastKnownFileType = sourcecode.c.h; path = Swifter.h; sourceTree = "<group>"; };
		B72615461D531C8C00BF4139 /* Swifter.swift */ = {isa = PBXFileReference; fileEncoding = 4; lastKnownFileType = sourcecode.swift; path = Swifter.swift; sourceTree = "<group>"; };
		B72615471D531C8C00BF4139 /* SwifterAccountsClient.swift */ = {isa = PBXFileReference; fileEncoding = 4; lastKnownFileType = sourcecode.swift; path = SwifterAccountsClient.swift; sourceTree = "<group>"; };
		B72615481D531C8C00BF4139 /* SwifterAppOnlyClient.swift */ = {isa = PBXFileReference; fileEncoding = 4; lastKnownFileType = sourcecode.swift; path = SwifterAppOnlyClient.swift; sourceTree = "<group>"; };
		B72615491D531C8C00BF4139 /* SwifterAuth.swift */ = {isa = PBXFileReference; fileEncoding = 4; lastKnownFileType = sourcecode.swift; path = SwifterAuth.swift; sourceTree = "<group>"; };
		B726154A1D531C8C00BF4139 /* SwifterClientProtocol.swift */ = {isa = PBXFileReference; fileEncoding = 4; lastKnownFileType = sourcecode.swift; path = SwifterClientProtocol.swift; sourceTree = "<group>"; };
		B726154B1D531C8C00BF4139 /* SwifterCredential.swift */ = {isa = PBXFileReference; fileEncoding = 4; lastKnownFileType = sourcecode.swift; path = SwifterCredential.swift; sourceTree = "<group>"; };
		B726154C1D531C8C00BF4139 /* SwifterFavorites.swift */ = {isa = PBXFileReference; fileEncoding = 4; lastKnownFileType = sourcecode.swift; path = SwifterFavorites.swift; sourceTree = "<group>"; };
		B726154D1D531C8C00BF4139 /* SwifterFollowers.swift */ = {isa = PBXFileReference; fileEncoding = 4; lastKnownFileType = sourcecode.swift; path = SwifterFollowers.swift; sourceTree = "<group>"; };
		B726154E1D531C8C00BF4139 /* SwifterHelp.swift */ = {isa = PBXFileReference; fileEncoding = 4; lastKnownFileType = sourcecode.swift; path = SwifterHelp.swift; sourceTree = "<group>"; };
		B726154F1D531C8C00BF4139 /* SwifterHTTPRequest.swift */ = {isa = PBXFileReference; fileEncoding = 4; lastKnownFileType = sourcecode.swift; path = SwifterHTTPRequest.swift; sourceTree = "<group>"; };
		B72615501D531C8C00BF4139 /* SwifterLists.swift */ = {isa = PBXFileReference; fileEncoding = 4; lastKnownFileType = sourcecode.swift; path = SwifterLists.swift; sourceTree = "<group>"; };
		B72615511D531C8C00BF4139 /* SwifterMessages.swift */ = {isa = PBXFileReference; fileEncoding = 4; lastKnownFileType = sourcecode.swift; path = SwifterMessages.swift; sourceTree = "<group>"; };
		B72615521D531C8C00BF4139 /* SwifterOAuthClient.swift */ = {isa = PBXFileReference; fileEncoding = 4; lastKnownFileType = sourcecode.swift; path = SwifterOAuthClient.swift; sourceTree = "<group>"; };
		B72615531D531C8C00BF4139 /* SwifterPlaces.swift */ = {isa = PBXFileReference; fileEncoding = 4; lastKnownFileType = sourcecode.swift; path = SwifterPlaces.swift; sourceTree = "<group>"; };
		B72615541D531C8C00BF4139 /* SwifterSavedSearches.swift */ = {isa = PBXFileReference; fileEncoding = 4; lastKnownFileType = sourcecode.swift; path = SwifterSavedSearches.swift; sourceTree = "<group>"; };
		B72615551D531C8C00BF4139 /* SwifterSearch.swift */ = {isa = PBXFileReference; fileEncoding = 4; lastKnownFileType = sourcecode.swift; path = SwifterSearch.swift; sourceTree = "<group>"; };
		B72615561D531C8C00BF4139 /* SwifterSpam.swift */ = {isa = PBXFileReference; fileEncoding = 4; lastKnownFileType = sourcecode.swift; path = SwifterSpam.swift; sourceTree = "<group>"; };
		B72615571D531C8C00BF4139 /* SwifterStreaming.swift */ = {isa = PBXFileReference; fileEncoding = 4; lastKnownFileType = sourcecode.swift; path = SwifterStreaming.swift; sourceTree = "<group>"; };
		B72615581D531C8C00BF4139 /* SwifterSuggested.swift */ = {isa = PBXFileReference; fileEncoding = 4; lastKnownFileType = sourcecode.swift; path = SwifterSuggested.swift; sourceTree = "<group>"; };
		B72615591D531C8C00BF4139 /* SwifterTimelines.swift */ = {isa = PBXFileReference; fileEncoding = 4; lastKnownFileType = sourcecode.swift; path = SwifterTimelines.swift; sourceTree = "<group>"; };
		B726155A1D531C8C00BF4139 /* SwifterTrends.swift */ = {isa = PBXFileReference; fileEncoding = 4; lastKnownFileType = sourcecode.swift; path = SwifterTrends.swift; sourceTree = "<group>"; };
		B726155B1D531C8C00BF4139 /* SwifterTweets.swift */ = {isa = PBXFileReference; fileEncoding = 4; lastKnownFileType = sourcecode.swift; path = SwifterTweets.swift; sourceTree = "<group>"; };
		B726155C1D531C8C00BF4139 /* SwifterUsers.swift */ = {isa = PBXFileReference; fileEncoding = 4; lastKnownFileType = sourcecode.swift; path = SwifterUsers.swift; sourceTree = "<group>"; };
		B726157B1D531D0100BF4139 /* chessTest2_bridging-Header.m */ = {isa = PBXFileReference; fileEncoding = 4; lastKnownFileType = sourcecode.c.objc; path = "chessTest2_bridging-Header.m"; sourceTree = "<group>"; };
		B726157E1D531D8600BF4139 /* chessTest2-Bridging-Header.h */ = {isa = PBXFileReference; lastKnownFileType = sourcecode.c.h; path = "chessTest2-Bridging-Header.h"; sourceTree = "<group>"; };
		B726157F1D531F9200BF4139 /* First1TableViewController.swift */ = {isa = PBXFileReference; fileEncoding = 4; lastKnownFileType = sourcecode.swift; path = First1TableViewController.swift; sourceTree = "<group>"; };
		B72FD8631D4370D500291F7D /* TableTask.swift */ = {isa = PBXFileReference; fileEncoding = 4; lastKnownFileType = sourcecode.swift; path = TableTask.swift; sourceTree = "<group>"; };
		B72FD8651D4372F600291F7D /* Problem.swift */ = {isa = PBXFileReference; fileEncoding = 4; lastKnownFileType = sourcecode.swift; path = Problem.swift; sourceTree = "<group>"; };
		B72FD8691D43752300291F7D /* ProblemViewController.swift */ = {isa = PBXFileReference; fileEncoding = 4; lastKnownFileType = sourcecode.swift; path = ProblemViewController.swift; sourceTree = "<group>"; };
		B72FD86B1D43882C00291F7D /* Problems.swift */ = {isa = PBXFileReference; fileEncoding = 4; lastKnownFileType = sourcecode.swift; path = Problems.swift; sourceTree = "<group>"; };
		B732C2421D5333F900EBE15A /* LessonsMenuTableViewController.swift */ = {isa = PBXFileReference; fileEncoding = 4; lastKnownFileType = sourcecode.swift; path = LessonsMenuTableViewController.swift; sourceTree = "<group>"; };
		B732C2441D536A9A00EBE15A /* OragneView.swift */ = {isa = PBXFileReference; fileEncoding = 4; lastKnownFileType = sourcecode.swift; path = OragneView.swift; sourceTree = "<group>"; };
		B732C2461D536AA900EBE15A /* GreenView.swift */ = {isa = PBXFileReference; fileEncoding = 4; lastKnownFileType = sourcecode.swift; path = GreenView.swift; sourceTree = "<group>"; };
		B73DE5E81D424AFF00A1CD0A /* Bishop.swift */ = {isa = PBXFileReference; fileEncoding = 4; lastKnownFileType = sourcecode.swift; path = Bishop.swift; sourceTree = "<group>"; };
		B73DE5E91D424AFF00A1CD0A /* King.swift */ = {isa = PBXFileReference; fileEncoding = 4; lastKnownFileType = sourcecode.swift; path = King.swift; sourceTree = "<group>"; };
		B73DE5EA1D424AFF00A1CD0A /* Knight.swift */ = {isa = PBXFileReference; fileEncoding = 4; lastKnownFileType = sourcecode.swift; path = Knight.swift; sourceTree = "<group>"; };
		B73DE5EB1D424AFF00A1CD0A /* Move.swift */ = {isa = PBXFileReference; fileEncoding = 4; lastKnownFileType = sourcecode.swift; path = Move.swift; sourceTree = "<group>"; };
		B73DE5EC1D424AFF00A1CD0A /* Piece.swift */ = {isa = PBXFileReference; fileEncoding = 4; lastKnownFileType = sourcecode.swift; path = Piece.swift; sourceTree = "<group>"; };
		B73DE5ED1D424AFF00A1CD0A /* Pieces.swift */ = {isa = PBXFileReference; fileEncoding = 4; lastKnownFileType = sourcecode.swift; path = Pieces.swift; sourceTree = "<group>"; };
		B73DE5EE1D424AFF00A1CD0A /* Pone.swift */ = {isa = PBXFileReference; fileEncoding = 4; lastKnownFileType = sourcecode.swift; path = Pone.swift; sourceTree = "<group>"; };
		B73DE5EF1D424AFF00A1CD0A /* Queen.swift */ = {isa = PBXFileReference; fileEncoding = 4; lastKnownFileType = sourcecode.swift; path = Queen.swift; sourceTree = "<group>"; };
		B73DE5F01D424AFF00A1CD0A /* Rock.swift */ = {isa = PBXFileReference; fileEncoding = 4; lastKnownFileType = sourcecode.swift; path = Rock.swift; sourceTree = "<group>"; };
		B7A9635B1D38AA9700561A50 /* WeightLessonViewController.swift */ = {isa = PBXFileReference; fileEncoding = 4; lastKnownFileType = sourcecode.swift; path = WeightLessonViewController.swift; sourceTree = "<group>"; };
		B7A9635D1D38BF9A00561A50 /* PiecesWeightViewController.swift */ = {isa = PBXFileReference; fileEncoding = 4; lastKnownFileType = sourcecode.swift; path = PiecesWeightViewController.swift; sourceTree = "<group>"; };
		B7A9635F1D38C05900561A50 /* WeightViewController.swift */ = {isa = PBXFileReference; fileEncoding = 4; lastKnownFileType = sourcecode.swift; path = WeightViewController.swift; sourceTree = "<group>"; };
		B7A963611D38C14700561A50 /* MyView2.swift */ = {isa = PBXFileReference; fileEncoding = 4; lastKnownFileType = sourcecode.swift; path = MyView2.swift; sourceTree = "<group>"; };
		B7A963631D38FBC800561A50 /* CustomPoneView.swift */ = {isa = PBXFileReference; fileEncoding = 4; lastKnownFileType = sourcecode.swift; path = CustomPoneView.swift; sourceTree = "<group>"; };
		B7A963671D3CDC8A00561A50 /* Assets.xcassets */ = {isa = PBXFileReference; lastKnownFileType = folder.assetcatalog; path = Assets.xcassets; sourceTree = "<group>"; };
		B7F8DF111D565AFC0044A180 /* Cell.swift */ = {isa = PBXFileReference; fileEncoding = 4; lastKnownFileType = sourcecode.swift; path = Cell.swift; sourceTree = "<group>"; };
		B7F95DD51D3816C6002D16CB /* SideNavigationViewController.swift */ = {isa = PBXFileReference; fileEncoding = 4; lastKnownFileType = sourcecode.swift; path = SideNavigationViewController.swift; sourceTree = "<group>"; };
		B7F95DD71D381DE7002D16CB /* MenuTableViewController.swift */ = {isa = PBXFileReference; fileEncoding = 4; lastKnownFileType = sourcecode.swift; path = MenuTableViewController.swift; sourceTree = "<group>"; };
		B7F95DD91D3825D7002D16CB /* TempViewController.swift */ = {isa = PBXFileReference; fileEncoding = 4; lastKnownFileType = sourcecode.swift; path = TempViewController.swift; sourceTree = "<group>"; };
		B7F95DDB1D383197002D16CB /* MyTableViewCell.swift */ = {isa = PBXFileReference; fileEncoding = 4; lastKnownFileType = sourcecode.swift; path = MyTableViewCell.swift; sourceTree = "<group>"; };
		B7FDF7451D50ADA900FE418F /* TwitterKit.framework */ = {isa = PBXFileReference; lastKnownFileType = wrapper.framework; path = TwitterKit.framework; sourceTree = "<group>"; };
		B7FDF7461D50ADA900FE418F /* TwitterKitResources.bundle */ = {isa = PBXFileReference; lastKnownFileType = "wrapper.plug-in"; name = TwitterKitResources.bundle; path = TwitterKit.framework/Versions/A/Resources/TwitterKitResources.bundle; sourceTree = "<group>"; };
		B7FDF7471D50ADA900FE418F /* TwitterCore.framework */ = {isa = PBXFileReference; lastKnownFileType = wrapper.framework; path = TwitterCore.framework; sourceTree = "<group>"; };
		B7FDF74B1D50B1DD00FE418F /* TwitterViewController.swift */ = {isa = PBXFileReference; fileEncoding = 4; lastKnownFileType = sourcecode.swift; path = TwitterViewController.swift; sourceTree = "<group>"; };
		B7FFB5FF1D339FAD003C148B /* chessTest2.app */ = {isa = PBXFileReference; explicitFileType = wrapper.application; includeInIndex = 0; path = chessTest2.app; sourceTree = BUILT_PRODUCTS_DIR; };
		B7FFB6021D339FAD003C148B /* AppDelegate.swift */ = {isa = PBXFileReference; lastKnownFileType = sourcecode.swift; path = AppDelegate.swift; sourceTree = "<group>"; };
		B7FFB6041D339FAD003C148B /* ViewController.swift */ = {isa = PBXFileReference; lastKnownFileType = sourcecode.swift; path = ViewController.swift; sourceTree = "<group>"; };
		B7FFB6071D339FAD003C148B /* Base */ = {isa = PBXFileReference; lastKnownFileType = file.storyboard; name = Base; path = Base.lproj/Main.storyboard; sourceTree = "<group>"; };
		B7FFB60A1D339FAD003C148B /* chessTest2.xcdatamodel */ = {isa = PBXFileReference; lastKnownFileType = wrapper.xcdatamodel; path = chessTest2.xcdatamodel; sourceTree = "<group>"; };
		B7FFB60F1D339FAD003C148B /* Base */ = {isa = PBXFileReference; lastKnownFileType = file.storyboard; name = Base; path = Base.lproj/LaunchScreen.storyboard; sourceTree = "<group>"; };
		B7FFB6111D339FAD003C148B /* Info.plist */ = {isa = PBXFileReference; lastKnownFileType = text.plist.xml; path = Info.plist; sourceTree = "<group>"; };
		B7FFB6381D34BAB0003C148B /* RegisterViewController.swift */ = {isa = PBXFileReference; fileEncoding = 4; lastKnownFileType = sourcecode.swift; path = RegisterViewController.swift; sourceTree = "<group>"; };
		B7FFB63A1D35010F003C148B /* LessonsViewController.swift */ = {isa = PBXFileReference; fileEncoding = 4; lastKnownFileType = sourcecode.swift; path = LessonsViewController.swift; sourceTree = "<group>"; };
		B7FFB63C1D35028F003C148B /* LoginViewController.swift */ = {isa = PBXFileReference; fileEncoding = 4; lastKnownFileType = sourcecode.swift; path = LoginViewController.swift; sourceTree = "<group>"; };
		B7FFB63E1D3572FB003C148B /* LessonViewController.swift */ = {isa = PBXFileReference; fileEncoding = 4; lastKnownFileType = sourcecode.swift; path = LessonViewController.swift; sourceTree = "<group>"; };
		B7FFB6401D357A4F003C148B /* ContentViewController.swift */ = {isa = PBXFileReference; fileEncoding = 4; lastKnownFileType = sourcecode.swift; path = ContentViewController.swift; sourceTree = "<group>"; };
		B7FFB6421D358B3E003C148B /* Board.swift */ = {isa = PBXFileReference; fileEncoding = 4; lastKnownFileType = sourcecode.swift; name = Board.swift; path = ../../chessTest/chessTest/Board.swift; sourceTree = "<group>"; };
		B7FFB64F1D358B6A003C148B /* chessTest1.app */ = {isa = PBXFileReference; explicitFileType = wrapper.application; name = chessTest1.app; path = "/Users/salta/Library/Developer/Xcode/DerivedData/chessTest1-dglhlcregfblhqdjxatchcdfrqzl/Build/Products/Debug-iphonesimulator/chessTest1.app"; sourceTree = "<absolute>"; };
		B7FFB65E1D359603003C148B /* Lesson.swift */ = {isa = PBXFileReference; fileEncoding = 4; lastKnownFileType = sourcecode.swift; path = Lesson.swift; sourceTree = "<group>"; };
		B7FFB6611D360870003C148B /* MyView1.swift */ = {isa = PBXFileReference; fileEncoding = 4; lastKnownFileType = sourcecode.swift; path = MyView1.swift; sourceTree = "<group>"; };
/* End PBXFileReference section */

/* Begin PBXFrameworksBuildPhase section */
		B7FFB5FC1D339FAD003C148B /* Frameworks */ = {
			isa = PBXFrameworksBuildPhase;
			buildActionMask = 2147483647;
			files = (
				99D43FA7C25FA0A8F840BD8C /* Pods_chessTest2.framework in Frameworks */,
				B7FDF74A1D50ADA900FE418F /* TwitterCore.framework in Frameworks */,
				B7FDF7481D50ADA900FE418F /* TwitterKit.framework in Frameworks */,
			);
			runOnlyForDeploymentPostprocessing = 0;
		};
/* End PBXFrameworksBuildPhase section */

/* Begin PBXGroup section */
		78103D7794496F838BF0B644 /* Frameworks */ = {
			isa = PBXGroup;
			children = (
				3012F62F17206AF66BC52BA2 /* Pods_chessTest2.framework */,
			);
			name = Frameworks;
			sourceTree = "<group>";
		};
		B726153C1D531C8C00BF4139 /* Swifter */ = {
			isa = PBXGroup;
			children = (
				B726157E1D531D8600BF4139 /* chessTest2-Bridging-Header.h */,
				B726153D1D531C8C00BF4139 /* Dictionary+Swifter.swift */,
				B726153E1D531C8C00BF4139 /* Info.plist */,
				B726153F1D531C8C00BF4139 /* JSON.swift */,
				B72615401D531C8C00BF4139 /* Launch Screen.storyboard */,
				B72615411D531C8C00BF4139 /* NSURL+Swifter.swift */,
				B72615421D531C8C00BF4139 /* Operator+Swifter.swift */,
				B72615431D531C8C00BF4139 /* String+Swifter.swift */,
				B72615441D531C8C00BF4139 /* Swifter-Bridging-Header.h */,
				B72615451D531C8C00BF4139 /* Swifter.h */,
				B72615461D531C8C00BF4139 /* Swifter.swift */,
				B72615471D531C8C00BF4139 /* SwifterAccountsClient.swift */,
				B72615481D531C8C00BF4139 /* SwifterAppOnlyClient.swift */,
				B72615491D531C8C00BF4139 /* SwifterAuth.swift */,
				B726154A1D531C8C00BF4139 /* SwifterClientProtocol.swift */,
				B726154B1D531C8C00BF4139 /* SwifterCredential.swift */,
				B726154C1D531C8C00BF4139 /* SwifterFavorites.swift */,
				B726154D1D531C8C00BF4139 /* SwifterFollowers.swift */,
				B726154E1D531C8C00BF4139 /* SwifterHelp.swift */,
				B726154F1D531C8C00BF4139 /* SwifterHTTPRequest.swift */,
				B72615501D531C8C00BF4139 /* SwifterLists.swift */,
				B72615511D531C8C00BF4139 /* SwifterMessages.swift */,
				B72615521D531C8C00BF4139 /* SwifterOAuthClient.swift */,
				B72615531D531C8C00BF4139 /* SwifterPlaces.swift */,
				B72615541D531C8C00BF4139 /* SwifterSavedSearches.swift */,
				B72615551D531C8C00BF4139 /* SwifterSearch.swift */,
				B72615561D531C8C00BF4139 /* SwifterSpam.swift */,
				B72615571D531C8C00BF4139 /* SwifterStreaming.swift */,
				B72615581D531C8C00BF4139 /* SwifterSuggested.swift */,
				B72615591D531C8C00BF4139 /* SwifterTimelines.swift */,
				B726155A1D531C8C00BF4139 /* SwifterTrends.swift */,
				B726155B1D531C8C00BF4139 /* SwifterTweets.swift */,
				B726155C1D531C8C00BF4139 /* SwifterUsers.swift */,
			);
			path = Swifter;
			sourceTree = "<group>";
		};
		B7FFB5F61D339FAD003C148B = {
			isa = PBXGroup;
			children = (
				B7FDF7451D50ADA900FE418F /* TwitterKit.framework */,
				B7FDF7461D50ADA900FE418F /* TwitterKitResources.bundle */,
				B7FDF7471D50ADA900FE418F /* TwitterCore.framework */,
				B7FFB6011D339FAD003C148B /* chessTest2 */,
				B7FFB6001D339FAD003C148B /* Products */,
				F15F81DA975BBBD8C3082352 /* Pods */,
				78103D7794496F838BF0B644 /* Frameworks */,
			);
			sourceTree = "<group>";
		};
		B7FFB6001D339FAD003C148B /* Products */ = {
			isa = PBXGroup;
			children = (
				B7FFB5FF1D339FAD003C148B /* chessTest2.app */,
			);
			name = Products;
			sourceTree = "<group>";
		};
		B7FFB6011D339FAD003C148B /* chessTest2 */ = {
			isa = PBXGroup;
			children = (
				B726157B1D531D0100BF4139 /* chessTest2_bridging-Header.m */,
				B726153C1D531C8C00BF4139 /* Swifter */,
				B7FFB6601D360854003C148B /* View */,
				B7FFB65B1D358B94003C148B /* Model */,
				B7FFB65C1D358BA9003C148B /* supporting */,
				B7FFB65D1D358BCB003C148B /* viewControllers */,
				B7FFB6501D358B6A003C148B /* Products */,
			);
			path = chessTest2;
			sourceTree = "<group>";
		};
		B7FFB6501D358B6A003C148B /* Products */ = {
			isa = PBXGroup;
			children = (
				B7FFB64F1D358B6A003C148B /* chessTest1.app */,
			);
			name = Products;
			path = ../../chessTest1;
			sourceTree = "<group>";
		};
		B7FFB65B1D358B94003C148B /* Model */ = {
			isa = PBXGroup;
			children = (
				B73DE5E81D424AFF00A1CD0A /* Bishop.swift */,
				B73DE5E91D424AFF00A1CD0A /* King.swift */,
				B73DE5EA1D424AFF00A1CD0A /* Knight.swift */,
				B73DE5EB1D424AFF00A1CD0A /* Move.swift */,
				B73DE5EC1D424AFF00A1CD0A /* Piece.swift */,
				B73DE5ED1D424AFF00A1CD0A /* Pieces.swift */,
				B73DE5EE1D424AFF00A1CD0A /* Pone.swift */,
				B73DE5EF1D424AFF00A1CD0A /* Queen.swift */,
				B73DE5F01D424AFF00A1CD0A /* Rock.swift */,
				B7FFB6421D358B3E003C148B /* Board.swift */,
				B7F8DF111D565AFC0044A180 /* Cell.swift */,
				B7FFB65E1D359603003C148B /* Lesson.swift */,
				B72FD8631D4370D500291F7D /* TableTask.swift */,
				B72FD8651D4372F600291F7D /* Problem.swift */,
				B72FD86B1D43882C00291F7D /* Problems.swift */,
				B72615351D530DEA00BF4139 /* Functionality.swift */,
			);
			name = Model;
			sourceTree = "<group>";
		};
		B7FFB65C1D358BA9003C148B /* supporting */ = {
			isa = PBXGroup;
			children = (
				B7A963671D3CDC8A00561A50 /* Assets.xcassets */,
				B7FFB6091D339FAD003C148B /* chessTest2.xcdatamodeld */,
				B7FFB6111D339FAD003C148B /* Info.plist */,
				B7FFB60E1D339FAD003C148B /* LaunchScreen.storyboard */,
				B7FFB6061D339FAD003C148B /* Main.storyboard */,
				B7FFB6021D339FAD003C148B /* AppDelegate.swift */,
			);
			name = supporting;
			sourceTree = "<group>";
		};
		B7FFB65D1D358BCB003C148B /* viewControllers */ = {
			isa = PBXGroup;
			children = (
				B7FFB6041D339FAD003C148B /* ViewController.swift */,
				B7FFB6381D34BAB0003C148B /* RegisterViewController.swift */,
				B7FFB63A1D35010F003C148B /* LessonsViewController.swift */,
				B7FFB63C1D35028F003C148B /* LoginViewController.swift */,
				B7FFB63E1D3572FB003C148B /* LessonViewController.swift */,
				B7FFB6401D357A4F003C148B /* ContentViewController.swift */,
				B7F95DD51D3816C6002D16CB /* SideNavigationViewController.swift */,
				B7F95DD71D381DE7002D16CB /* MenuTableViewController.swift */,
				B7F95DD91D3825D7002D16CB /* TempViewController.swift */,
				B7A9635B1D38AA9700561A50 /* WeightLessonViewController.swift */,
				B7A9635D1D38BF9A00561A50 /* PiecesWeightViewController.swift */,
				B7A9635F1D38C05900561A50 /* WeightViewController.swift */,
				B72FD8691D43752300291F7D /* ProblemViewController.swift */,
				B7FDF74B1D50B1DD00FE418F /* TwitterViewController.swift */,
				B72615311D526A0C00BF4139 /* TwitterNewsCollectionViewController.swift */,
				B72615331D530AEB00BF4139 /* FirstTableViewController.swift */,
				B726157F1D531F9200BF4139 /* First1TableViewController.swift */,
				B732C2421D5333F900EBE15A /* LessonsMenuTableViewController.swift */,
			);
			name = viewControllers;
			sourceTree = "<group>";
		};
		B7FFB6601D360854003C148B /* View */ = {
			isa = PBXGroup;
			children = (
				B7FFB6611D360870003C148B /* MyView1.swift */,
				B7F95DDB1D383197002D16CB /* MyTableViewCell.swift */,
				B7A963611D38C14700561A50 /* MyView2.swift */,
				B7A963631D38FBC800561A50 /* CustomPoneView.swift */,
				B732C2441D536A9A00EBE15A /* OragneView.swift */,
				B732C2461D536AA900EBE15A /* GreenView.swift */,
			);
			name = View;
			sourceTree = "<group>";
		};
		F15F81DA975BBBD8C3082352 /* Pods */ = {
			isa = PBXGroup;
			children = (
				748AE6D82A5F057D2BA3E2E1 /* Pods-chessTest2.debug.xcconfig */,
				A510AFE872A88F77F864A3A0 /* Pods-chessTest2.release.xcconfig */,
			);
			name = Pods;
			sourceTree = "<group>";
		};
/* End PBXGroup section */

/* Begin PBXNativeTarget section */
		B7FFB5FE1D339FAD003C148B /* chessTest2 */ = {
			isa = PBXNativeTarget;
			buildConfigurationList = B7FFB6141D339FAD003C148B /* Build configuration list for PBXNativeTarget "chessTest2" */;
			buildPhases = (
				2EB73D87A12AEFDFC6BE1036 /* [CP] Check Pods Manifest.lock */,
				B7FFB5FB1D339FAD003C148B /* Sources */,
				B7FFB5FC1D339FAD003C148B /* Frameworks */,
				B7FFB5FD1D339FAD003C148B /* Resources */,
				10C0B9BC3B1558F539A8C73F /* [CP] Embed Pods Frameworks */,
				965E5D16D0EAEF6FC64D6090 /* [CP] Copy Pods Resources */,
				B7FDF7431D50AC2700FE418F /* ShellScript */,
				B7FDF7441D50AD7600FE418F /* ShellScript */,
			);
			buildRules = (
			);
			dependencies = (
			);
			name = chessTest2;
			productName = chessTest2;
			productReference = B7FFB5FF1D339FAD003C148B /* chessTest2.app */;
			productType = "com.apple.product-type.application";
		};
/* End PBXNativeTarget section */

/* Begin PBXProject section */
		B7FFB5F71D339FAD003C148B /* Project object */ = {
			isa = PBXProject;
			attributes = {
				LastSwiftUpdateCheck = 0730;
				LastUpgradeCheck = 0730;
				ORGANIZATIONNAME = saltaim;
				TargetAttributes = {
					B7FFB5FE1D339FAD003C148B = {
						CreatedOnToolsVersion = 7.3.1;
						DevelopmentTeam = AB65P3C5XF;
					};
				};
			};
			buildConfigurationList = B7FFB5FA1D339FAD003C148B /* Build configuration list for PBXProject "chessTest2" */;
			compatibilityVersion = "Xcode 3.2";
			developmentRegion = English;
			hasScannedForEncodings = 0;
			knownRegions = (
				en,
				Base,
			);
			mainGroup = B7FFB5F61D339FAD003C148B;
			productRefGroup = B7FFB6001D339FAD003C148B /* Products */;
			projectDirPath = "";
			projectRoot = "";
			targets = (
				B7FFB5FE1D339FAD003C148B /* chessTest2 */,
			);
		};
/* End PBXProject section */

/* Begin PBXResourcesBuildPhase section */
		B7FFB5FD1D339FAD003C148B /* Resources */ = {
			isa = PBXResourcesBuildPhase;
			buildActionMask = 2147483647;
			files = (
				B72615601D531C8C00BF4139 /* Launch Screen.storyboard in Resources */,
				B7FDF7491D50ADA900FE418F /* TwitterKitResources.bundle in Resources */,
				B7FFB6101D339FAD003C148B /* LaunchScreen.storyboard in Resources */,
				B7FFB6081D339FAD003C148B /* Main.storyboard in Resources */,
				B726155E1D531C8C00BF4139 /* Info.plist in Resources */,
				B7A963681D3CDC8A00561A50 /* Assets.xcassets in Resources */,
			);
			runOnlyForDeploymentPostprocessing = 0;
		};
/* End PBXResourcesBuildPhase section */

/* Begin PBXShellScriptBuildPhase section */
		10C0B9BC3B1558F539A8C73F /* [CP] Embed Pods Frameworks */ = {
			isa = PBXShellScriptBuildPhase;
			buildActionMask = 2147483647;
			files = (
			);
			inputPaths = (
			);
			name = "[CP] Embed Pods Frameworks";
			outputPaths = (
			);
			runOnlyForDeploymentPostprocessing = 0;
			shellPath = /bin/sh;
			shellScript = "\"${SRCROOT}/Pods/Target Support Files/Pods-chessTest2/Pods-chessTest2-frameworks.sh\"\n";
			showEnvVarsInLog = 0;
		};
		2EB73D87A12AEFDFC6BE1036 /* [CP] Check Pods Manifest.lock */ = {
			isa = PBXShellScriptBuildPhase;
			buildActionMask = 2147483647;
			files = (
			);
			inputPaths = (
			);
			name = "[CP] Check Pods Manifest.lock";
			outputPaths = (
			);
			runOnlyForDeploymentPostprocessing = 0;
			shellPath = /bin/sh;
			shellScript = "diff \"${PODS_ROOT}/../Podfile.lock\" \"${PODS_ROOT}/Manifest.lock\" > /dev/null\nif [[ $? != 0 ]] ; then\n    cat << EOM\nerror: The sandbox is not in sync with the Podfile.lock. Run 'pod install' or update your CocoaPods installation.\nEOM\n    exit 1\nfi\n";
			showEnvVarsInLog = 0;
		};
		965E5D16D0EAEF6FC64D6090 /* [CP] Copy Pods Resources */ = {
			isa = PBXShellScriptBuildPhase;
			buildActionMask = 2147483647;
			files = (
			);
			inputPaths = (
			);
			name = "[CP] Copy Pods Resources";
			outputPaths = (
			);
			runOnlyForDeploymentPostprocessing = 0;
			shellPath = /bin/sh;
			shellScript = "\"${SRCROOT}/Pods/Target Support Files/Pods-chessTest2/Pods-chessTest2-resources.sh\"\n";
			showEnvVarsInLog = 0;
		};
		B7FDF7431D50AC2700FE418F /* ShellScript */ = {
			isa = PBXShellScriptBuildPhase;
			buildActionMask = 2147483647;
			files = (
			);
			inputPaths = (
			);
			outputPaths = (
			);
			runOnlyForDeploymentPostprocessing = 0;
			shellPath = /bin/sh;
			shellScript = "\"${PODS_ROOT}/Fabric/run\" 591d17c8e23ff3a309747c7270e24bf8c277650b aec49937a6283c1735aac052e7c3533550c9221e2cfbf8e771dabc2cd333e19b";
		};
		B7FDF7441D50AD7600FE418F /* ShellScript */ = {
			isa = PBXShellScriptBuildPhase;
			buildActionMask = 2147483647;
			files = (
			);
			inputPaths = (
			);
			outputPaths = (
			);
			runOnlyForDeploymentPostprocessing = 0;
			shellPath = /bin/sh;
			shellScript = "./Fabric.framework/run 591d17c8e23ff3a309747c7270e24bf8c277650b aec49937a6283c1735aac052e7c3533550c9221e2cfbf8e771dabc2cd333e19b";
		};
/* End PBXShellScriptBuildPhase section */

/* Begin PBXSourcesBuildPhase section */
		B7FFB5FB1D339FAD003C148B /* Sources */ = {
			isa = PBXSourcesBuildPhase;
			buildActionMask = 2147483647;
			files = (
				B72615621D531C8C00BF4139 /* Operator+Swifter.swift in Sources */,
				B73DE5F91D424AFF00A1CD0A /* Rock.swift in Sources */,
				B72615781D531C8C00BF4139 /* SwifterTrends.swift in Sources */,
				B72FD86C1D43882C00291F7D /* Problems.swift in Sources */,
				B72615731D531C8C00BF4139 /* SwifterSearch.swift in Sources */,
				B7F8DF121D565AFC0044A180 /* Cell.swift in Sources */,
				B7A963621D38C14700561A50 /* MyView2.swift in Sources */,
				B7A963641D38FBC800561A50 /* CustomPoneView.swift in Sources */,
				B72FD8641D4370D500291F7D /* TableTask.swift in Sources */,
				B73DE5F21D424AFF00A1CD0A /* King.swift in Sources */,
				B72615701D531C8C00BF4139 /* SwifterOAuthClient.swift in Sources */,
				B72615801D531F9200BF4139 /* First1TableViewController.swift in Sources */,
				B726156F1D531C8C00BF4139 /* SwifterMessages.swift in Sources */,
				B7FFB6411D357A4F003C148B /* ContentViewController.swift in Sources */,
				B72615771D531C8C00BF4139 /* SwifterTimelines.swift in Sources */,
				B73DE5F31D424AFF00A1CD0A /* Knight.swift in Sources */,
				B72FD86A1D43752300291F7D /* ProblemViewController.swift in Sources */,
				B72615611D531C8C00BF4139 /* NSURL+Swifter.swift in Sources */,
				B72615681D531C8C00BF4139 /* SwifterClientProtocol.swift in Sources */,
				B726156E1D531C8C00BF4139 /* SwifterLists.swift in Sources */,
				B7F95DD81D381DE7002D16CB /* MenuTableViewController.swift in Sources */,
				B72615691D531C8C00BF4139 /* SwifterCredential.swift in Sources */,
				B726157C1D531D0100BF4139 /* chessTest2_bridging-Header.m in Sources */,
				B726156D1D531C8C00BF4139 /* SwifterHTTPRequest.swift in Sources */,
				B72615721D531C8C00BF4139 /* SwifterSavedSearches.swift in Sources */,
				B72615751D531C8C00BF4139 /* SwifterStreaming.swift in Sources */,
				B7FFB63F1D3572FB003C148B /* LessonViewController.swift in Sources */,
				B72615741D531C8C00BF4139 /* SwifterSpam.swift in Sources */,
				B726155D1D531C8C00BF4139 /* Dictionary+Swifter.swift in Sources */,
				B72615711D531C8C00BF4139 /* SwifterPlaces.swift in Sources */,
				B73DE5F61D424AFF00A1CD0A /* Pieces.swift in Sources */,
				B7F95DDA1D3825D7002D16CB /* TempViewController.swift in Sources */,
				B72615321D526A0C00BF4139 /* TwitterNewsCollectionViewController.swift in Sources */,
				B732C2451D536A9A00EBE15A /* OragneView.swift in Sources */,
				B73DE5F51D424AFF00A1CD0A /* Piece.swift in Sources */,
				B726156A1D531C8C00BF4139 /* SwifterFavorites.swift in Sources */,
				B7F95DD61D3816C6002D16CB /* SideNavigationViewController.swift in Sources */,
				B7FFB63D1D35028F003C148B /* LoginViewController.swift in Sources */,
				B7A963601D38C05900561A50 /* WeightViewController.swift in Sources */,
				B7FFB6051D339FAD003C148B /* ViewController.swift in Sources */,
				B7FFB63B1D350110003C148B /* LessonsViewController.swift in Sources */,
				B7A9635E1D38BF9A00561A50 /* PiecesWeightViewController.swift in Sources */,
				B7FFB6621D360870003C148B /* MyView1.swift in Sources */,
				B73DE5F41D424AFF00A1CD0A /* Move.swift in Sources */,
				B7FFB6031D339FAD003C148B /* AppDelegate.swift in Sources */,
				B73DE5F11D424AFF00A1CD0A /* Bishop.swift in Sources */,
				B73DE5F81D424AFF00A1CD0A /* Queen.swift in Sources */,
				B726157A1D531C8C00BF4139 /* SwifterUsers.swift in Sources */,
				B7FFB60B1D339FAD003C148B /* chessTest2.xcdatamodeld in Sources */,
				B7A9635C1D38AA9700561A50 /* WeightLessonViewController.swift in Sources */,
				B7FDF74C1D50B1DD00FE418F /* TwitterViewController.swift in Sources */,
				B72615641D531C8C00BF4139 /* Swifter.swift in Sources */,
				B732C2431D5333F900EBE15A /* LessonsMenuTableViewController.swift in Sources */,
				B732C2471D536AA900EBE15A /* GreenView.swift in Sources */,
				B72615341D530AEB00BF4139 /* FirstTableViewController.swift in Sources */,
				B726155F1D531C8C00BF4139 /* JSON.swift in Sources */,
				B72615651D531C8C00BF4139 /* SwifterAccountsClient.swift in Sources */,
				B72615761D531C8C00BF4139 /* SwifterSuggested.swift in Sources */,
				B72FD8661D4372F600291F7D /* Problem.swift in Sources */,
				B726156B1D531C8C00BF4139 /* SwifterFollowers.swift in Sources */,
				B72615671D531C8C00BF4139 /* SwifterAuth.swift in Sources */,
				B72615361D530DEA00BF4139 /* Functionality.swift in Sources */,
				B7F95DDC1D383197002D16CB /* MyTableViewCell.swift in Sources */,
				B72615661D531C8C00BF4139 /* SwifterAppOnlyClient.swift in Sources */,
				B7FFB65F1D359603003C148B /* Lesson.swift in Sources */,
				B72615791D531C8C00BF4139 /* SwifterTweets.swift in Sources */,
				B7FFB6391D34BAB0003C148B /* RegisterViewController.swift in Sources */,
				B7FFB6431D358B3E003C148B /* Board.swift in Sources */,
				B726156C1D531C8C00BF4139 /* SwifterHelp.swift in Sources */,
				B73DE5F71D424AFF00A1CD0A /* Pone.swift in Sources */,
				B72615631D531C8C00BF4139 /* String+Swifter.swift in Sources */,
			);
			runOnlyForDeploymentPostprocessing = 0;
		};
/* End PBXSourcesBuildPhase section */

/* Begin PBXVariantGroup section */
		B7FFB6061D339FAD003C148B /* Main.storyboard */ = {
			isa = PBXVariantGroup;
			children = (
				B7FFB6071D339FAD003C148B /* Base */,
			);
			name = Main.storyboard;
			sourceTree = "<group>";
		};
		B7FFB60E1D339FAD003C148B /* LaunchScreen.storyboard */ = {
			isa = PBXVariantGroup;
			children = (
				B7FFB60F1D339FAD003C148B /* Base */,
			);
			name = LaunchScreen.storyboard;
			sourceTree = "<group>";
		};
/* End PBXVariantGroup section */

/* Begin XCBuildConfiguration section */
		B7FFB6121D339FAD003C148B /* Debug */ = {
			isa = XCBuildConfiguration;
			buildSettings = {
				ALWAYS_SEARCH_USER_PATHS = NO;
				CLANG_ANALYZER_NONNULL = YES;
				CLANG_CXX_LANGUAGE_STANDARD = "gnu++0x";
				CLANG_CXX_LIBRARY = "libc++";
				CLANG_ENABLE_MODULES = YES;
				CLANG_ENABLE_OBJC_ARC = YES;
				CLANG_WARN_BOOL_CONVERSION = YES;
				CLANG_WARN_CONSTANT_CONVERSION = YES;
				CLANG_WARN_DIRECT_OBJC_ISA_USAGE = YES_ERROR;
				CLANG_WARN_EMPTY_BODY = YES;
				CLANG_WARN_ENUM_CONVERSION = YES;
				CLANG_WARN_INT_CONVERSION = YES;
				CLANG_WARN_OBJC_ROOT_CLASS = YES_ERROR;
				CLANG_WARN_UNREACHABLE_CODE = YES;
				CLANG_WARN__DUPLICATE_METHOD_MATCH = YES;
				"CODE_SIGN_IDENTITY[sdk=iphoneos*]" = "iPhone Developer";
				COPY_PHASE_STRIP = NO;
				DEBUG_INFORMATION_FORMAT = dwarf;
				ENABLE_STRICT_OBJC_MSGSEND = YES;
				ENABLE_TESTABILITY = YES;
				GCC_C_LANGUAGE_STANDARD = gnu99;
				GCC_DYNAMIC_NO_PIC = NO;
				GCC_NO_COMMON_BLOCKS = YES;
				GCC_OPTIMIZATION_LEVEL = 0;
				GCC_PREPROCESSOR_DEFINITIONS = (
					"DEBUG=1",
					"$(inherited)",
				);
				GCC_WARN_64_TO_32_BIT_CONVERSION = YES;
				GCC_WARN_ABOUT_RETURN_TYPE = YES_ERROR;
				GCC_WARN_UNDECLARED_SELECTOR = YES;
				GCC_WARN_UNINITIALIZED_AUTOS = YES_AGGRESSIVE;
				GCC_WARN_UNUSED_FUNCTION = YES;
				GCC_WARN_UNUSED_VARIABLE = YES;
				IPHONEOS_DEPLOYMENT_TARGET = 9.3;
				MTL_ENABLE_DEBUG_INFO = YES;
				ONLY_ACTIVE_ARCH = YES;
				SDKROOT = iphoneos;
				SWIFT_OPTIMIZATION_LEVEL = "-Onone";
				TARGETED_DEVICE_FAMILY = "1,2";
			};
			name = Debug;
		};
		B7FFB6131D339FAD003C148B /* Release */ = {
			isa = XCBuildConfiguration;
			buildSettings = {
				ALWAYS_SEARCH_USER_PATHS = NO;
				CLANG_ANALYZER_NONNULL = YES;
				CLANG_CXX_LANGUAGE_STANDARD = "gnu++0x";
				CLANG_CXX_LIBRARY = "libc++";
				CLANG_ENABLE_MODULES = YES;
				CLANG_ENABLE_OBJC_ARC = YES;
				CLANG_WARN_BOOL_CONVERSION = YES;
				CLANG_WARN_CONSTANT_CONVERSION = YES;
				CLANG_WARN_DIRECT_OBJC_ISA_USAGE = YES_ERROR;
				CLANG_WARN_EMPTY_BODY = YES;
				CLANG_WARN_ENUM_CONVERSION = YES;
				CLANG_WARN_INT_CONVERSION = YES;
				CLANG_WARN_OBJC_ROOT_CLASS = YES_ERROR;
				CLANG_WARN_UNREACHABLE_CODE = YES;
				CLANG_WARN__DUPLICATE_METHOD_MATCH = YES;
				"CODE_SIGN_IDENTITY[sdk=iphoneos*]" = "iPhone Developer";
				COPY_PHASE_STRIP = NO;
				DEBUG_INFORMATION_FORMAT = "dwarf-with-dsym";
				ENABLE_NS_ASSERTIONS = NO;
				ENABLE_STRICT_OBJC_MSGSEND = YES;
				GCC_C_LANGUAGE_STANDARD = gnu99;
				GCC_NO_COMMON_BLOCKS = YES;
				GCC_WARN_64_TO_32_BIT_CONVERSION = YES;
				GCC_WARN_ABOUT_RETURN_TYPE = YES_ERROR;
				GCC_WARN_UNDECLARED_SELECTOR = YES;
				GCC_WARN_UNINITIALIZED_AUTOS = YES_AGGRESSIVE;
				GCC_WARN_UNUSED_FUNCTION = YES;
				GCC_WARN_UNUSED_VARIABLE = YES;
				IPHONEOS_DEPLOYMENT_TARGET = 9.3;
				MTL_ENABLE_DEBUG_INFO = NO;
				SDKROOT = iphoneos;
				TARGETED_DEVICE_FAMILY = "1,2";
				VALIDATE_PRODUCT = YES;
			};
			name = Release;
		};
		B7FFB6151D339FAD003C148B /* Debug */ = {
			isa = XCBuildConfiguration;
			baseConfigurationReference = 748AE6D82A5F057D2BA3E2E1 /* Pods-chessTest2.debug.xcconfig */;
			buildSettings = {
				ASSETCATALOG_COMPILER_APPICON_NAME = AppIcon;
				CLANG_ENABLE_MODULES = YES;
				CODE_SIGN_IDENTITY = "iPhone Distribution";
				"CODE_SIGN_IDENTITY[sdk=iphoneos*]" = "iPhone Distribution";
				DEBUG_INFORMATION_FORMAT = "dwarf-with-dsym";
				FRAMEWORK_SEARCH_PATHS = (
					"$(inherited)",
					"$(PROJECT_DIR)",
				);
				INFOPLIST_FILE = chessTest2/Info.plist;
				IPHONEOS_DEPLOYMENT_TARGET = 8.2;
				LD_RUNPATH_SEARCH_PATHS = "$(inherited) @executable_path/Frameworks";
				PRODUCT_BUNDLE_IDENTIFIER = com.ChessCheff;
				PRODUCT_NAME = "$(TARGET_NAME)";
				PROVISIONING_PROFILE = "";
				SWIFT_OBJC_BRIDGING_HEADER = "chessTest2/Swifter/chessTest2-Bridging-Header.h";
				SWIFT_OPTIMIZATION_LEVEL = "-Onone";
				TARGETED_DEVICE_FAMILY = 1;
			};
			name = Debug;
		};
		B7FFB6161D339FAD003C148B /* Release */ = {
			isa = XCBuildConfiguration;
			baseConfigurationReference = A510AFE872A88F77F864A3A0 /* Pods-chessTest2.release.xcconfig */;
			buildSettings = {
				ASSETCATALOG_COMPILER_APPICON_NAME = AppIcon;
				CLANG_ENABLE_MODULES = YES;
				CODE_SIGN_IDENTITY = "iPhone Distribution";
				"CODE_SIGN_IDENTITY[sdk=iphoneos*]" = "iPhone Distribution";
				FRAMEWORK_SEARCH_PATHS = (
					"$(inherited)",
					"$(PROJECT_DIR)",
				);
				INFOPLIST_FILE = chessTest2/Info.plist;
				IPHONEOS_DEPLOYMENT_TARGET = 8.2;
				LD_RUNPATH_SEARCH_PATHS = "$(inherited) @executable_path/Frameworks";
				PRODUCT_BUNDLE_IDENTIFIER = com.ChessCheff;
				PRODUCT_NAME = "$(TARGET_NAME)";
				PROVISIONING_PROFILE = "";
				SWIFT_OBJC_BRIDGING_HEADER = "chessTest2/Swifter/chessTest2-Bridging-Header.h";
				TARGETED_DEVICE_FAMILY = 1;
			};
			name = Release;
		};
/* End XCBuildConfiguration section */

/* Begin XCConfigurationList section */
		B7FFB5FA1D339FAD003C148B /* Build configuration list for PBXProject "chessTest2" */ = {
			isa = XCConfigurationList;
			buildConfigurations = (
				B7FFB6121D339FAD003C148B /* Debug */,
				B7FFB6131D339FAD003C148B /* Release */,
			);
			defaultConfigurationIsVisible = 0;
			defaultConfigurationName = Release;
		};
		B7FFB6141D339FAD003C148B /* Build configuration list for PBXNativeTarget "chessTest2" */ = {
			isa = XCConfigurationList;
			buildConfigurations = (
				B7FFB6151D339FAD003C148B /* Debug */,
				B7FFB6161D339FAD003C148B /* Release */,
			);
			defaultConfigurationIsVisible = 0;
			defaultConfigurationName = Release;
		};
/* End XCConfigurationList section */

/* Begin XCVersionGroup section */
		B7FFB6091D339FAD003C148B /* chessTest2.xcdatamodeld */ = {
			isa = XCVersionGroup;
			children = (
				B7FFB60A1D339FAD003C148B /* chessTest2.xcdatamodel */,
			);
			currentVersion = B7FFB60A1D339FAD003C148B /* chessTest2.xcdatamodel */;
			path = chessTest2.xcdatamodeld;
			sourceTree = "<group>";
			versionGroupType = wrapper.xcdatamodel;
		};
/* End XCVersionGroup section */
	};
	rootObject = B7FFB5F71D339FAD003C148B /* Project object */;
}
